
Microsoft Visual Studio Solution File, Format Version 12.00
# Visual Studio Version 17
VisualStudioVersion = 17.3.32929.385
MinimumVisualStudioVersion = 10.0.40219.1
Project("{9A19103F-16F7-4668-BE54-9A1E7A4F7556}") = "GlinttWorkTracker.Console", "GlinttWorkTracker.Console\GlinttWorkTracker.Console.csproj", "{AAC2794C-536B-4984-BBF6-E44561D019A3}"
EndProject
Project("{9A19103F-16F7-4668-BE54-9A1E7A4F7556}") = "GlinttWorkTracker.Domain", "..\GlinttWorkTracker.Domain\GlinttWorkTracker.Domain.csproj", "{A613AFE3-6D47-4898-AD1D-963F9D7F7904}"
EndProject
Project("{FAE04EC0-301F-11D3-BF4B-00C04F79EFBC}") = "GlinttWorkTracker.Infrastructure", "..\GlinttWorkTracker.Infrastructure\GlinttWorkTracker.Infrastructure.csproj", "{364AF5A6-70CA-462C-8C58-99FB04D81D05}"
EndProject
Global
	GlobalSection(SolutionConfigurationPlatforms) = preSolution
		Debug|Any CPU = Debug|Any CPU
		Debug|ARM = Debug|ARM
		Debug|ARM64 = Debug|ARM64
		Debug|x64 = Debug|x64
		Debug|x86 = Debug|x86
		Release|Any CPU = Release|Any CPU
		Release|ARM = Release|ARM
		Release|ARM64 = Release|ARM64
		Release|x64 = Release|x64
		Release|x86 = Release|x86
	EndGlobalSection
	GlobalSection(ProjectConfigurationPlatforms) = postSolution
		{AAC2794C-536B-4984-BBF6-E44561D019A3}.Debug|Any CPU.ActiveCfg = Debug|Any CPU
		{AAC2794C-536B-4984-BBF6-E44561D019A3}.Debug|Any CPU.Build.0 = Debug|Any CPU
		{AAC2794C-536B-4984-BBF6-E44561D019A3}.Debug|ARM.ActiveCfg = Debug|Any CPU
		{AAC2794C-536B-4984-BBF6-E44561D019A3}.Debug|ARM.Build.0 = Debug|Any CPU
		{AAC2794C-536B-4984-BBF6-E44561D019A3}.Debug|ARM64.ActiveCfg = Debug|Any CPU
		{AAC2794C-536B-4984-BBF6-E44561D019A3}.Debug|ARM64.Build.0 = Debug|Any CPU
		{AAC2794C-536B-4984-BBF6-E44561D019A3}.Debug|x64.ActiveCfg = Debug|Any CPU
		{AAC2794C-536B-4984-BBF6-E44561D019A3}.Debug|x64.Build.0 = Debug|Any CPU
		{AAC2794C-536B-4984-BBF6-E44561D019A3}.Debug|x86.ActiveCfg = Debug|Any CPU
		{AAC2794C-536B-4984-BBF6-E44561D019A3}.Debug|x86.Build.0 = Debug|Any CPU
		{AAC2794C-536B-4984-BBF6-E44561D019A3}.Release|Any CPU.ActiveCfg = Release|Any CPU
		{AAC2794C-536B-4984-BBF6-E44561D019A3}.Release|Any CPU.Build.0 = Release|Any CPU
		{AAC2794C-536B-4984-BBF6-E44561D019A3}.Release|ARM.ActiveCfg = Release|Any CPU
		{AAC2794C-536B-4984-BBF6-E44561D019A3}.Release|ARM.Build.0 = Release|Any CPU
		{AAC2794C-536B-4984-BBF6-E44561D019A3}.Release|ARM64.ActiveCfg = Release|Any CPU
		{AAC2794C-536B-4984-BBF6-E44561D019A3}.Release|ARM64.Build.0 = Release|Any CPU
		{AAC2794C-536B-4984-BBF6-E44561D019A3}.Release|x64.ActiveCfg = Release|Any CPU
		{AAC2794C-536B-4984-BBF6-E44561D019A3}.Release|x64.Build.0 = Release|Any CPU
		{AAC2794C-536B-4984-BBF6-E44561D019A3}.Release|x86.ActiveCfg = Release|Any CPU
		{AAC2794C-536B-4984-BBF6-E44561D019A3}.Release|x86.Build.0 = Release|Any CPU
		{A613AFE3-6D47-4898-AD1D-963F9D7F7904}.Debug|Any CPU.ActiveCfg = Debug|Any CPU
		{A613AFE3-6D47-4898-AD1D-963F9D7F7904}.Debug|Any CPU.Build.0 = Debug|Any CPU
		{A613AFE3-6D47-4898-AD1D-963F9D7F7904}.Debug|ARM.ActiveCfg = Debug|Any CPU
		{A613AFE3-6D47-4898-AD1D-963F9D7F7904}.Debug|ARM.Build.0 = Debug|Any CPU
		{A613AFE3-6D47-4898-AD1D-963F9D7F7904}.Debug|ARM64.ActiveCfg = Debug|Any CPU
		{A613AFE3-6D47-4898-AD1D-963F9D7F7904}.Debug|ARM64.Build.0 = Debug|Any CPU
		{A613AFE3-6D47-4898-AD1D-963F9D7F7904}.Debug|x64.ActiveCfg = Debug|Any CPU
		{A613AFE3-6D47-4898-AD1D-963F9D7F7904}.Debug|x64.Build.0 = Debug|Any CPU
		{A613AFE3-6D47-4898-AD1D-963F9D7F7904}.Debug|x86.ActiveCfg = Debug|Any CPU
		{A613AFE3-6D47-4898-AD1D-963F9D7F7904}.Debug|x86.Build.0 = Debug|Any CPU
		{A613AFE3-6D47-4898-AD1D-963F9D7F7904}.Release|Any CPU.ActiveCfg = Release|Any CPU
		{A613AFE3-6D47-4898-AD1D-963F9D7F7904}.Release|Any CPU.Build.0 = Release|Any CPU
		{A613AFE3-6D47-4898-AD1D-963F9D7F7904}.Release|ARM.ActiveCfg = Release|Any CPU
		{A613AFE3-6D47-4898-AD1D-963F9D7F7904}.Release|ARM.Build.0 = Release|Any CPU
		{A613AFE3-6D47-4898-AD1D-963F9D7F7904}.Release|ARM64.ActiveCfg = Release|Any CPU
		{A613AFE3-6D47-4898-AD1D-963F9D7F7904}.Release|ARM64.Build.0 = Release|Any CPU
		{A613AFE3-6D47-4898-AD1D-963F9D7F7904}.Release|x64.ActiveCfg = Release|Any CPU
		{A613AFE3-6D47-4898-AD1D-963F9D7F7904}.Release|x64.Build.0 = Release|Any CPU
		{A613AFE3-6D47-4898-AD1D-963F9D7F7904}.Release|x86.ActiveCfg = Release|Any CPU
		{A613AFE3-6D47-4898-AD1D-963F9D7F7904}.Release|x86.Build.0 = Release|Any CPU
		{364AF5A6-70CA-462C-8C58-99FB04D81D05}.Debug|Any CPU.ActiveCfg = Debug|Any CPU
		{364AF5A6-70CA-462C-8C58-99FB04D81D05}.Debug|Any CPU.Build.0 = Debug|Any CPU
		{364AF5A6-70CA-462C-8C58-99FB04D81D05}.Debug|ARM.ActiveCfg = Debug|Any CPU
		{364AF5A6-70CA-462C-8C58-99FB04D81D05}.Debug|ARM.Build.0 = Debug|Any CPU
		{364AF5A6-70CA-462C-8C58-99FB04D81D05}.Debug|ARM64.ActiveCfg = Debug|Any CPU
		{364AF5A6-70CA-462C-8C58-99FB04D81D05}.Debug|ARM64.Build.0 = Debug|Any CPU
		{364AF5A6-70CA-462C-8C58-99FB04D81D05}.Debug|x64.ActiveCfg = Debug|Any CPU
		{364AF5A6-70CA-462C-8C58-99FB04D81D05}.Debug|x64.Build.0 = Debug|Any CPU
		{364AF5A6-70CA-462C-8C58-99FB04D81D05}.Debug|x86.ActiveCfg = Debug|Any CPU
		{364AF5A6-70CA-462C-8C58-99FB04D81D05}.Debug|x86.Build.0 = Debug|Any CPU
		{364AF5A6-70CA-462C-8C58-99FB04D81D05}.Release|Any CPU.ActiveCfg = Release|Any CPU
		{364AF5A6-70CA-462C-8C58-99FB04D81D05}.Release|Any CPU.Build.0 = Release|Any CPU
		{364AF5A6-70CA-462C-8C58-99FB04D81D05}.Release|ARM.ActiveCfg = Release|Any CPU
		{364AF5A6-70CA-462C-8C58-99FB04D81D05}.Release|ARM.Build.0 = Release|Any CPU
		{364AF5A6-70CA-462C-8C58-99FB04D81D05}.Release|ARM64.ActiveCfg = Release|Any CPU
		{364AF5A6-70CA-462C-8C58-99FB04D81D05}.Release|ARM64.Build.0 = Release|Any CPU
		{364AF5A6-70CA-462C-8C58-99FB04D81D05}.Release|x64.ActiveCfg = Release|Any CPU
		{364AF5A6-70CA-462C-8C58-99FB04D81D05}.Release|x64.Build.0 = Release|Any CPU
		{364AF5A6-70CA-462C-8C58-99FB04D81D05}.Release|x86.ActiveCfg = Release|Any CPU
		{364AF5A6-70CA-462C-8C58-99FB04D81D05}.Release|x86.Build.0 = Release|Any CPU
	EndGlobalSection
	GlobalSection(SolutionProperties) = preSolution
		HideSolutionNode = FALSE
	EndGlobalSection
	GlobalSection(ExtensibilityGlobals) = postSolution
		SolutionGuid = {16629F91-1D0A-42C8-9CF3-2A23020700FE}
	EndGlobalSection
EndGlobal
